// !$*UTF8*$!
{
	archiveVersion = 1;
	classes = {
	};
	objectVersion = 51;
	objects = {

/* Begin PBXBuildFile section */
		FE6C9CB24AF5C30E8C07785C /* Pods_iosSdk.framework in Frameworks */ = {isa = PBXBuildFile; fileRef = 6FA61FED79BF62E07BB189F4 /* Pods_iosSdk.framework */; };
		FEF83F382383DC3C000B5399 /* AppDelegate.swift in Sources */ = {isa = PBXBuildFile; fileRef = FEF83F372383DC3C000B5399 /* AppDelegate.swift */; };
		FEF83F3A2383DC3C000B5399 /* ViewController.swift in Sources */ = {isa = PBXBuildFile; fileRef = FEF83F392383DC3C000B5399 /* ViewController.swift */; };
		FEF83F3D2383DC3C000B5399 /* Main.storyboard in Resources */ = {isa = PBXBuildFile; fileRef = FEF83F3B2383DC3C000B5399 /* Main.storyboard */; };
		FEF83F3F2383DC3E000B5399 /* Assets.xcassets in Resources */ = {isa = PBXBuildFile; fileRef = FEF83F3E2383DC3E000B5399 /* Assets.xcassets */; };
		FEF83F422383DC3E000B5399 /* LaunchScreen.storyboard in Resources */ = {isa = PBXBuildFile; fileRef = FEF83F402383DC3E000B5399 /* LaunchScreen.storyboard */; };
		FEF83F4B2383DCC7000B5399 /* Podfile in Resources */ = {isa = PBXBuildFile; fileRef = FEF83F492383DCC7000B5399 /* Podfile */; };
		FEF83F782383F7C9000B5399 /* AesManager.swift in Sources */ = {isa = PBXBuildFile; fileRef = FEF83F4E2383F7C8000B5399 /* AesManager.swift */; };
		FEF83F792383F7C9000B5399 /* ArgonManage.swift in Sources */ = {isa = PBXBuildFile; fileRef = FEF83F4F2383F7C8000B5399 /* ArgonManage.swift */; };
		FEF83F7A2383F7C9000B5399 /* Keycreat.swift in Sources */ = {isa = PBXBuildFile; fileRef = FEF83F502383F7C8000B5399 /* Keycreat.swift */; };
		FEF83F7B2383F7C9000B5399 /* TradeUtility.swift in Sources */ = {isa = PBXBuildFile; fileRef = FEF83F522383F7C8000B5399 /* TradeUtility.swift */; };
		FEF83F7C2383F7C9000B5399 /* AccountUtility.swift in Sources */ = {isa = PBXBuildFile; fileRef = FEF83F532383F7C8000B5399 /* AccountUtility.swift */; };
		FEF83F7D2383F7C9000B5399 /* JsonUtil.swift in Sources */ = {isa = PBXBuildFile; fileRef = FEF83F552383F7C8000B5399 /* JsonUtil.swift */; };
		FEF83F7E2383F7C9000B5399 /* BaseModel.swift in Sources */ = {isa = PBXBuildFile; fileRef = FEF83F562383F7C8000B5399 /* BaseModel.swift */; };
		FEF83F7F2383F7C9000B5399 /* Base58String.swift in Sources */ = {isa = PBXBuildFile; fileRef = FEF83F572383F7C8000B5399 /* Base58String.swift */; };
		FEF83F802383F7C9000B5399 /* Utils.swift in Sources */ = {isa = PBXBuildFile; fileRef = FEF83F582383F7C8000B5399 /* Utils.swift */; };
		FEF83F812383F7C9000B5399 /* KeyStoreModel.swift in Sources */ = {isa = PBXBuildFile; fileRef = FEF83F5A2383F7C8000B5399 /* KeyStoreModel.swift */; };
		FEF83F822383F7C9000B5399 /* BaseDataModel.swift in Sources */ = {isa = PBXBuildFile; fileRef = FEF83F5B2383F7C8000B5399 /* BaseDataModel.swift */; };
		FEF83F832383F7C9000B5399 /* Crypto.swift in Sources */ = {isa = PBXBuildFile; fileRef = FEF83F5C2383F7C8000B5399 /* Crypto.swift */; };
		FEF83F842383F7C9000B5399 /* KeysEntity.swift in Sources */ = {isa = PBXBuildFile; fileRef = FEF83F5D2383F7C8000B5399 /* KeysEntity.swift */; };
		FEF83F852383F7C9000B5399 /* Kdfparams.swift in Sources */ = {isa = PBXBuildFile; fileRef = FEF83F5E2383F7C8000B5399 /* Kdfparams.swift */; };
		FEF83F862383F7C9000B5399 /* Cipherparams.swift in Sources */ = {isa = PBXBuildFile; fileRef = FEF83F5F2383F7C8000B5399 /* Cipherparams.swift */; };
		FEF83F872383F7C9000B5399 /* KeyStoreService.swift in Sources */ = {isa = PBXBuildFile; fileRef = FEF83F612383F7C9000B5399 /* KeyStoreService.swift */; };
		FEF83F882383F7C9000B5399 /* KeystoreError.swift in Sources */ = {isa = PBXBuildFile; fileRef = FEF83F622383F7C9000B5399 /* KeystoreError.swift */; };
		FEF83F892383F7C9000B5399 /* WalletUtility.swift in Sources */ = {isa = PBXBuildFile; fileRef = FEF83F632383F7C9000B5399 /* WalletUtility.swift */; };
		FEF83F8A2383F7C9000B5399 /* seed.c in Sources */ = {isa = PBXBuildFile; fileRef = FEF83F682383F7C9000B5399 /* seed.c */; };
		FEF83F8B2383F7C9000B5399 /* fe.c in Sources */ = {isa = PBXBuildFile; fileRef = FEF83F692383F7C9000B5399 /* fe.c */; };
		FEF83F8C2383F7C9000B5399 /* verify.c in Sources */ = {isa = PBXBuildFile; fileRef = FEF83F6A2383F7C9000B5399 /* verify.c */; };
		FEF83F8D2383F7C9000B5399 /* ge.c in Sources */ = {isa = PBXBuildFile; fileRef = FEF83F6B2383F7C9000B5399 /* ge.c */; };
		FEF83F8E2383F7C9000B5399 /* sc.c in Sources */ = {isa = PBXBuildFile; fileRef = FEF83F6C2383F7C9000B5399 /* sc.c */; };
		FEF83F8F2383F7C9000B5399 /* sign.c in Sources */ = {isa = PBXBuildFile; fileRef = FEF83F6D2383F7C9000B5399 /* sign.c */; };
		FEF83F902383F7C9000B5399 /* key_exchange.c in Sources */ = {isa = PBXBuildFile; fileRef = FEF83F6F2383F7C9000B5399 /* key_exchange.c */; };
		FEF83F912383F7C9000B5399 /* add_scalar.c in Sources */ = {isa = PBXBuildFile; fileRef = FEF83F702383F7C9000B5399 /* add_scalar.c */; };
		FEF83F922383F7C9000B5399 /* license.txt in Resources */ = {isa = PBXBuildFile; fileRef = FEF83F722383F7C9000B5399 /* license.txt */; };
		FEF83F932383F7C9000B5399 /* keypair.c in Sources */ = {isa = PBXBuildFile; fileRef = FEF83F732383F7C9000B5399 /* keypair.c */; };
		FEF83F942383F7C9000B5399 /* sha512.c in Sources */ = {isa = PBXBuildFile; fileRef = FEF83F752383F7C9000B5399 /* sha512.c */; };
/* End PBXBuildFile section */

/* Begin PBXFileReference section */
		6FA61FED79BF62E07BB189F4 /* Pods_iosSdk.framework */ = {isa = PBXFileReference; explicitFileType = wrapper.framework; includeInIndex = 0; path = Pods_iosSdk.framework; sourceTree = BUILT_PRODUCTS_DIR; };
		DEC630A7EF46E9314B576353 /* Pods-iosSdk.debug.xcconfig */ = {isa = PBXFileReference; includeInIndex = 1; lastKnownFileType = text.xcconfig; name = "Pods-iosSdk.debug.xcconfig"; path = "Target Support Files/Pods-iosSdk/Pods-iosSdk.debug.xcconfig"; sourceTree = "<group>"; };
		F4382242264E0A636BCBFE54 /* Pods-iosSdk.release.xcconfig */ = {isa = PBXFileReference; includeInIndex = 1; lastKnownFileType = text.xcconfig; name = "Pods-iosSdk.release.xcconfig"; path = "Target Support Files/Pods-iosSdk/Pods-iosSdk.release.xcconfig"; sourceTree = "<group>"; };
		FEF83F342383DC3C000B5399 /* iosSdk.app */ = {isa = PBXFileReference; explicitFileType = wrapper.application; includeInIndex = 0; path = iosSdk.app; sourceTree = BUILT_PRODUCTS_DIR; };
		FEF83F372383DC3C000B5399 /* AppDelegate.swift */ = {isa = PBXFileReference; lastKnownFileType = sourcecode.swift; path = AppDelegate.swift; sourceTree = "<group>"; };
		FEF83F392383DC3C000B5399 /* ViewController.swift */ = {isa = PBXFileReference; lastKnownFileType = sourcecode.swift; path = ViewController.swift; sourceTree = "<group>"; };
		FEF83F3C2383DC3C000B5399 /* Base */ = {isa = PBXFileReference; lastKnownFileType = file.storyboard; name = Base; path = Base.lproj/Main.storyboard; sourceTree = "<group>"; };
		FEF83F3E2383DC3E000B5399 /* Assets.xcassets */ = {isa = PBXFileReference; lastKnownFileType = folder.assetcatalog; path = Assets.xcassets; sourceTree = "<group>"; };
		FEF83F412383DC3E000B5399 /* Base */ = {isa = PBXFileReference; lastKnownFileType = file.storyboard; name = Base; path = Base.lproj/LaunchScreen.storyboard; sourceTree = "<group>"; };
		FEF83F432383DC3E000B5399 /* Info.plist */ = {isa = PBXFileReference; lastKnownFileType = text.plist.xml; path = Info.plist; sourceTree = "<group>"; };
		FEF83F492383DCC7000B5399 /* Podfile */ = {isa = PBXFileReference; fileEncoding = 4; lastKnownFileType = text; path = Podfile; sourceTree = "<group>"; xcLanguageSpecificationIdentifier = xcode.lang.ruby; };
		FEF83F4E2383F7C8000B5399 /* AesManager.swift */ = {isa = PBXFileReference; fileEncoding = 4; lastKnownFileType = sourcecode.swift; path = AesManager.swift; sourceTree = "<group>"; };
		FEF83F4F2383F7C8000B5399 /* ArgonManage.swift */ = {isa = PBXFileReference; fileEncoding = 4; lastKnownFileType = sourcecode.swift; path = ArgonManage.swift; sourceTree = "<group>"; };
		FEF83F502383F7C8000B5399 /* Keycreat.swift */ = {isa = PBXFileReference; fileEncoding = 4; lastKnownFileType = sourcecode.swift; path = Keycreat.swift; sourceTree = "<group>"; };
		FEF83F522383F7C8000B5399 /* TradeUtility.swift */ = {isa = PBXFileReference; fileEncoding = 4; lastKnownFileType = sourcecode.swift; path = TradeUtility.swift; sourceTree = "<group>"; };
		FEF83F532383F7C8000B5399 /* AccountUtility.swift */ = {isa = PBXFileReference; fileEncoding = 4; lastKnownFileType = sourcecode.swift; path = AccountUtility.swift; sourceTree = "<group>"; };
		FEF83F552383F7C8000B5399 /* JsonUtil.swift */ = {isa = PBXFileReference; fileEncoding = 4; lastKnownFileType = sourcecode.swift; path = JsonUtil.swift; sourceTree = "<group>"; };
		FEF83F562383F7C8000B5399 /* BaseModel.swift */ = {isa = PBXFileReference; fileEncoding = 4; lastKnownFileType = sourcecode.swift; path = BaseModel.swift; sourceTree = "<group>"; };
		FEF83F572383F7C8000B5399 /* Base58String.swift */ = {isa = PBXFileReference; fileEncoding = 4; lastKnownFileType = sourcecode.swift; path = Base58String.swift; sourceTree = "<group>"; };
		FEF83F582383F7C8000B5399 /* Utils.swift */ = {isa = PBXFileReference; fileEncoding = 4; lastKnownFileType = sourcecode.swift; path = Utils.swift; sourceTree = "<group>"; };
		FEF83F5A2383F7C8000B5399 /* KeyStoreModel.swift */ = {isa = PBXFileReference; fileEncoding = 4; lastKnownFileType = sourcecode.swift; path = KeyStoreModel.swift; sourceTree = "<group>"; };
		FEF83F5B2383F7C8000B5399 /* BaseDataModel.swift */ = {isa = PBXFileReference; fileEncoding = 4; lastKnownFileType = sourcecode.swift; path = BaseDataModel.swift; sourceTree = "<group>"; };
		FEF83F5C2383F7C8000B5399 /* Crypto.swift */ = {isa = PBXFileReference; fileEncoding = 4; lastKnownFileType = sourcecode.swift; path = Crypto.swift; sourceTree = "<group>"; };
		FEF83F5D2383F7C8000B5399 /* KeysEntity.swift */ = {isa = PBXFileReference; fileEncoding = 4; lastKnownFileType = sourcecode.swift; path = KeysEntity.swift; sourceTree = "<group>"; };
		FEF83F5E2383F7C8000B5399 /* Kdfparams.swift */ = {isa = PBXFileReference; fileEncoding = 4; lastKnownFileType = sourcecode.swift; path = Kdfparams.swift; sourceTree = "<group>"; };
		FEF83F5F2383F7C8000B5399 /* Cipherparams.swift */ = {isa = PBXFileReference; fileEncoding = 4; lastKnownFileType = sourcecode.swift; path = Cipherparams.swift; sourceTree = "<group>"; };
		FEF83F612383F7C9000B5399 /* KeyStoreService.swift */ = {isa = PBXFileReference; fileEncoding = 4; lastKnownFileType = sourcecode.swift; path = KeyStoreService.swift; sourceTree = "<group>"; };
		FEF83F622383F7C9000B5399 /* KeystoreError.swift */ = {isa = PBXFileReference; fileEncoding = 4; lastKnownFileType = sourcecode.swift; path = KeystoreError.swift; sourceTree = "<group>"; };
		FEF83F632383F7C9000B5399 /* WalletUtility.swift */ = {isa = PBXFileReference; fileEncoding = 4; lastKnownFileType = sourcecode.swift; path = WalletUtility.swift; sourceTree = "<group>"; };
		FEF83F652383F7C9000B5399 /* precomp_data.h */ = {isa = PBXFileReference; fileEncoding = 4; lastKnownFileType = sourcecode.c.h; path = precomp_data.h; sourceTree = "<group>"; };
		FEF83F672383F7C9000B5399 /* ed25519.h */ = {isa = PBXFileReference; fileEncoding = 4; lastKnownFileType = sourcecode.c.h; path = ed25519.h; sourceTree = "<group>"; };
		FEF83F682383F7C9000B5399 /* seed.c */ = {isa = PBXFileReference; fileEncoding = 4; lastKnownFileType = sourcecode.c.c; path = seed.c; sourceTree = "<group>"; };
		FEF83F692383F7C9000B5399 /* fe.c */ = {isa = PBXFileReference; fileEncoding = 4; lastKnownFileType = sourcecode.c.c; path = fe.c; sourceTree = "<group>"; };
		FEF83F6A2383F7C9000B5399 /* verify.c */ = {isa = PBXFileReference; fileEncoding = 4; lastKnownFileType = sourcecode.c.c; path = verify.c; sourceTree = "<group>"; };
		FEF83F6B2383F7C9000B5399 /* ge.c */ = {isa = PBXFileReference; fileEncoding = 4; lastKnownFileType = sourcecode.c.c; path = ge.c; sourceTree = "<group>"; };
		FEF83F6C2383F7C9000B5399 /* sc.c */ = {isa = PBXFileReference; fileEncoding = 4; lastKnownFileType = sourcecode.c.c; path = sc.c; sourceTree = "<group>"; };
		FEF83F6D2383F7C9000B5399 /* sign.c */ = {isa = PBXFileReference; fileEncoding = 4; lastKnownFileType = sourcecode.c.c; path = sign.c; sourceTree = "<group>"; };
		FEF83F6E2383F7C9000B5399 /* sha512.h */ = {isa = PBXFileReference; fileEncoding = 4; lastKnownFileType = sourcecode.c.h; path = sha512.h; sourceTree = "<group>"; };
		FEF83F6F2383F7C9000B5399 /* key_exchange.c */ = {isa = PBXFileReference; fileEncoding = 4; lastKnownFileType = sourcecode.c.c; path = key_exchange.c; sourceTree = "<group>"; };
		FEF83F702383F7C9000B5399 /* add_scalar.c */ = {isa = PBXFileReference; fileEncoding = 4; lastKnownFileType = sourcecode.c.c; path = add_scalar.c; sourceTree = "<group>"; };
		FEF83F712383F7C9000B5399 /* fe.h */ = {isa = PBXFileReference; fileEncoding = 4; lastKnownFileType = sourcecode.c.h; path = fe.h; sourceTree = "<group>"; };
		FEF83F722383F7C9000B5399 /* license.txt */ = {isa = PBXFileReference; fileEncoding = 4; lastKnownFileType = text; path = license.txt; sourceTree = "<group>"; };
		FEF83F732383F7C9000B5399 /* keypair.c */ = {isa = PBXFileReference; fileEncoding = 4; lastKnownFileType = sourcecode.c.c; path = keypair.c; sourceTree = "<group>"; };
		FEF83F742383F7C9000B5399 /* fixedint.h */ = {isa = PBXFileReference; fileEncoding = 4; lastKnownFileType = sourcecode.c.h; path = fixedint.h; sourceTree = "<group>"; };
		FEF83F752383F7C9000B5399 /* sha512.c */ = {isa = PBXFileReference; fileEncoding = 4; lastKnownFileType = sourcecode.c.c; path = sha512.c; sourceTree = "<group>"; };
		FEF83F762383F7C9000B5399 /* sc.h */ = {isa = PBXFileReference; fileEncoding = 4; lastKnownFileType = sourcecode.c.h; path = sc.h; sourceTree = "<group>"; };
		FEF83F772383F7C9000B5399 /* ge.h */ = {isa = PBXFileReference; fileEncoding = 4; lastKnownFileType = sourcecode.c.h; path = ge.h; sourceTree = "<group>"; };
/* End PBXFileReference section */

/* Begin PBXFrameworksBuildPhase section */
		FEF83F312383DC3C000B5399 /* Frameworks */ = {
			isa = PBXFrameworksBuildPhase;
			buildActionMask = 2147483647;
			files = (
				FE6C9CB24AF5C30E8C07785C /* Pods_iosSdk.framework in Frameworks */,
			);
			runOnlyForDeploymentPostprocessing = 0;
		};
/* End PBXFrameworksBuildPhase section */

/* Begin PBXGroup section */
		8014B09324C07CF8F2480645 /* Frameworks */ = {
			isa = PBXGroup;
			children = (
				6FA61FED79BF62E07BB189F4 /* Pods_iosSdk.framework */,
			);
			name = Frameworks;
			sourceTree = "<group>";
		};
		BEC9CC4C2E28262459F5D5E5 /* Pods */ = {
			isa = PBXGroup;
			children = (
				DEC630A7EF46E9314B576353 /* Pods-iosSdk.debug.xcconfig */,
				F4382242264E0A636BCBFE54 /* Pods-iosSdk.release.xcconfig */,
			);
			path = Pods;
			sourceTree = "<group>";
		};
		FEF83F2B2383DC3C000B5399 = {
			isa = PBXGroup;
			children = (
				FEF83F362383DC3C000B5399 /* iosSdk */,
				FEF83F352383DC3C000B5399 /* Products */,
				FEF83F492383DCC7000B5399 /* Podfile */,
				BEC9CC4C2E28262459F5D5E5 /* Pods */,
				8014B09324C07CF8F2480645 /* Frameworks */,
			);
			sourceTree = "<group>";
		};
		FEF83F352383DC3C000B5399 /* Products */ = {
			isa = PBXGroup;
			children = (
				FEF83F342383DC3C000B5399 /* iosSdk.app */,
			);
			name = Products;
			sourceTree = "<group>";
		};
		FEF83F362383DC3C000B5399 /* iosSdk */ = {
			isa = PBXGroup;
			children = (
				FEF83F512383F7C8000B5399 /* account */,
				FEF83F642383F7C9000B5399 /* CEd25519 */,
				FEF83F4D2383F7C8000B5399 /* crypto */,
				FEF83F592383F7C8000B5399 /* entity */,
				FEF83F542383F7C8000B5399 /* helper */,
				FEF83F602383F7C9000B5399 /* wallet */,
				FEF83F372383DC3C000B5399 /* AppDelegate.swift */,
				FEF83F392383DC3C000B5399 /* ViewController.swift */,
				FEF83F3B2383DC3C000B5399 /* Main.storyboard */,
				FEF83F3E2383DC3E000B5399 /* Assets.xcassets */,
				FEF83F402383DC3E000B5399 /* LaunchScreen.storyboard */,
				FEF83F432383DC3E000B5399 /* Info.plist */,
			);
			path = iosSdk;
			sourceTree = "<group>";
		};
		FEF83F4D2383F7C8000B5399 /* crypto */ = {
			isa = PBXGroup;
			children = (
				FEF83F4E2383F7C8000B5399 /* AesManager.swift */,
				FEF83F4F2383F7C8000B5399 /* ArgonManage.swift */,
				FEF83F502383F7C8000B5399 /* Keycreat.swift */,
			);
			path = crypto;
			sourceTree = "<group>";
		};
		FEF83F512383F7C8000B5399 /* account */ = {
			isa = PBXGroup;
			children = (
				FEF83F522383F7C8000B5399 /* TradeUtility.swift */,
				FEF83F532383F7C8000B5399 /* AccountUtility.swift */,
			);
			path = account;
			sourceTree = "<group>";
		};
		FEF83F542383F7C8000B5399 /* helper */ = {
			isa = PBXGroup;
			children = (
				FEF83F552383F7C8000B5399 /* JsonUtil.swift */,
				FEF83F562383F7C8000B5399 /* BaseModel.swift */,
				FEF83F572383F7C8000B5399 /* Base58String.swift */,
				FEF83F582383F7C8000B5399 /* Utils.swift */,
			);
			path = helper;
			sourceTree = "<group>";
		};
		FEF83F592383F7C8000B5399 /* entity */ = {
			isa = PBXGroup;
			children = (
				FEF83F5A2383F7C8000B5399 /* KeyStoreModel.swift */,
				FEF83F5B2383F7C8000B5399 /* BaseDataModel.swift */,
				FEF83F5C2383F7C8000B5399 /* Crypto.swift */,
				FEF83F5D2383F7C8000B5399 /* KeysEntity.swift */,
				FEF83F5E2383F7C8000B5399 /* Kdfparams.swift */,
				FEF83F5F2383F7C8000B5399 /* Cipherparams.swift */,
			);
			path = entity;
			sourceTree = "<group>";
		};
		FEF83F602383F7C9000B5399 /* wallet */ = {
			isa = PBXGroup;
			children = (
				FEF83F612383F7C9000B5399 /* KeyStoreService.swift */,
				FEF83F622383F7C9000B5399 /* KeystoreError.swift */,
				FEF83F632383F7C9000B5399 /* WalletUtility.swift */,
			);
			path = wallet;
			sourceTree = "<group>";
		};
		FEF83F642383F7C9000B5399 /* CEd25519 */ = {
			isa = PBXGroup;
			children = (
				FEF83F652383F7C9000B5399 /* precomp_data.h */,
				FEF83F662383F7C9000B5399 /* include */,
				FEF83F682383F7C9000B5399 /* seed.c */,
				FEF83F692383F7C9000B5399 /* fe.c */,
				FEF83F6A2383F7C9000B5399 /* verify.c */,
				FEF83F6B2383F7C9000B5399 /* ge.c */,
				FEF83F6C2383F7C9000B5399 /* sc.c */,
				FEF83F6D2383F7C9000B5399 /* sign.c */,
				FEF83F6E2383F7C9000B5399 /* sha512.h */,
				FEF83F6F2383F7C9000B5399 /* key_exchange.c */,
				FEF83F702383F7C9000B5399 /* add_scalar.c */,
				FEF83F712383F7C9000B5399 /* fe.h */,
				FEF83F722383F7C9000B5399 /* license.txt */,
				FEF83F732383F7C9000B5399 /* keypair.c */,
				FEF83F742383F7C9000B5399 /* fixedint.h */,
				FEF83F752383F7C9000B5399 /* sha512.c */,
				FEF83F762383F7C9000B5399 /* sc.h */,
				FEF83F772383F7C9000B5399 /* ge.h */,
			);
			path = CEd25519;
			sourceTree = "<group>";
		};
		FEF83F662383F7C9000B5399 /* include */ = {
			isa = PBXGroup;
			children = (
				FEF83F672383F7C9000B5399 /* ed25519.h */,
			);
			path = include;
			sourceTree = "<group>";
		};
/* End PBXGroup section */

/* Begin PBXNativeTarget section */
		FEF83F332383DC3C000B5399 /* iosSdk */ = {
			isa = PBXNativeTarget;
			buildConfigurationList = FEF83F462383DC3E000B5399 /* Build configuration list for PBXNativeTarget "iosSdk" */;
			buildPhases = (
				182E338422FA373EF9893DE6 /* [CP] Check Pods Manifest.lock */,
				FEF83F302383DC3C000B5399 /* Sources */,
				FEF83F312383DC3C000B5399 /* Frameworks */,
				FEF83F322383DC3C000B5399 /* Resources */,
				CF5DEC74584BA1279908154C /* [CP] Embed Pods Frameworks */,
			);
			buildRules = (
			);
			dependencies = (
			);
			name = iosSdk;
			productName = iosSdk;
			productReference = FEF83F342383DC3C000B5399 /* iosSdk.app */;
			productType = "com.apple.product-type.application";
		};
/* End PBXNativeTarget section */

/* Begin PBXProject section */
		FEF83F2C2383DC3C000B5399 /* Project object */ = {
			isa = PBXProject;
			attributes = {
				LastSwiftUpdateCheck = 1030;
				LastUpgradeCheck = 1030;
				ORGANIZATIONNAME = com.wisdom;
				TargetAttributes = {
					FEF83F332383DC3C000B5399 = {
						CreatedOnToolsVersion = 10.3;
					};
				};
			};
			buildConfigurationList = FEF83F2F2383DC3C000B5399 /* Build configuration list for PBXProject "iosSdk" */;
			compatibilityVersion = "Xcode 9.3";
			developmentRegion = en;
			hasScannedForEncodings = 0;
			knownRegions = (
				en,
				Base,
			);
			mainGroup = FEF83F2B2383DC3C000B5399;
			productRefGroup = FEF83F352383DC3C000B5399 /* Products */;
			projectDirPath = "";
			projectRoot = "";
			targets = (
				FEF83F332383DC3C000B5399 /* iosSdk */,
			);
		};
/* End PBXProject section */

/* Begin PBXResourcesBuildPhase section */
		FEF83F322383DC3C000B5399 /* Resources */ = {
			isa = PBXResourcesBuildPhase;
			buildActionMask = 2147483647;
			files = (
				FEF83F422383DC3E000B5399 /* LaunchScreen.storyboard in Resources */,
				FEF83F922383F7C9000B5399 /* license.txt in Resources */,
				FEF83F3F2383DC3E000B5399 /* Assets.xcassets in Resources */,
				FEF83F4B2383DCC7000B5399 /* Podfile in Resources */,
				FEF83F3D2383DC3C000B5399 /* Main.storyboard in Resources */,
			);
			runOnlyForDeploymentPostprocessing = 0;
		};
/* End PBXResourcesBuildPhase section */

/* Begin PBXShellScriptBuildPhase section */
		182E338422FA373EF9893DE6 /* [CP] Check Pods Manifest.lock */ = {
			isa = PBXShellScriptBuildPhase;
			buildActionMask = 2147483647;
			files = (
			);
			inputFileListPaths = (
			);
			inputPaths = (
				"${PODS_PODFILE_DIR_PATH}/Podfile.lock",
				"${PODS_ROOT}/Manifest.lock",
			);
			name = "[CP] Check Pods Manifest.lock";
			outputFileListPaths = (
			);
			outputPaths = (
				"$(DERIVED_FILE_DIR)/Pods-iosSdk-checkManifestLockResult.txt",
			);
			runOnlyForDeploymentPostprocessing = 0;
			shellPath = /bin/sh;
			shellScript = "diff \"${PODS_PODFILE_DIR_PATH}/Podfile.lock\" \"${PODS_ROOT}/Manifest.lock\" > /dev/null\nif [ $? != 0 ] ; then\n    # print error to STDERR\n    echo \"error: The sandbox is not in sync with the Podfile.lock. Run 'pod install' or update your CocoaPods installation.\" >&2\n    exit 1\nfi\n# This output is used by Xcode 'outputs' to avoid re-running this script phase.\necho \"SUCCESS\" > \"${SCRIPT_OUTPUT_FILE_0}\"\n";
			showEnvVarsInLog = 0;
		};
		CF5DEC74584BA1279908154C /* [CP] Embed Pods Frameworks */ = {
			isa = PBXShellScriptBuildPhase;
			buildActionMask = 2147483647;
			files = (
			);
			inputFileListPaths = (
				"${PODS_ROOT}/Target Support Files/Pods-iosSdk/Pods-iosSdk-frameworks-${CONFIGURATION}-input-files.xcfilelist",
			);
			name = "[CP] Embed Pods Frameworks";
			outputFileListPaths = (
				"${PODS_ROOT}/Target Support Files/Pods-iosSdk/Pods-iosSdk-frameworks-${CONFIGURATION}-output-files.xcfilelist",
			);
			runOnlyForDeploymentPostprocessing = 0;
			shellPath = /bin/sh;
			shellScript = "\"${PODS_ROOT}/Target Support Files/Pods-iosSdk/Pods-iosSdk-frameworks.sh\"\n";
			showEnvVarsInLog = 0;
		};
/* End PBXShellScriptBuildPhase section */

/* Begin PBXSourcesBuildPhase section */
		FEF83F302383DC3C000B5399 /* Sources */ = {
			isa = PBXSourcesBuildPhase;
			buildActionMask = 2147483647;
			files = (
				FEF83F8F2383F7C9000B5399 /* sign.c in Sources */,
				FEF83F7E2383F7C9000B5399 /* BaseModel.swift in Sources */,
				FEF83F842383F7C9000B5399 /* KeysEntity.swift in Sources */,
				FEF83F792383F7C9000B5399 /* ArgonManage.swift in Sources */,
				FEF83F872383F7C9000B5399 /* KeyStoreService.swift in Sources */,
				FEF83F8E2383F7C9000B5399 /* sc.c in Sources */,
				FEF83F8B2383F7C9000B5399 /* fe.c in Sources */,
				FEF83F852383F7C9000B5399 /* Kdfparams.swift in Sources */,
				FEF83F902383F7C9000B5399 /* key_exchange.c in Sources */,
				FEF83F7F2383F7C9000B5399 /* Base58String.swift in Sources */,
				FEF83F7D2383F7C9000B5399 /* JsonUtil.swift in Sources */,
				FEF83F8A2383F7C9000B5399 /* seed.c in Sources */,
				FEF83F8D2383F7C9000B5399 /* ge.c in Sources */,
				FEF83F8C2383F7C9000B5399 /* verify.c in Sources */,
				FEF83F782383F7C9000B5399 /* AesManager.swift in Sources */,
				FEF83F812383F7C9000B5399 /* KeyStoreModel.swift in Sources */,
				FEF83F3A2383DC3C000B5399 /* ViewController.swift in Sources */,
				FEF83F382383DC3C000B5399 /* AppDelegate.swift in Sources */,
				FEF83F862383F7C9000B5399 /* Cipherparams.swift in Sources */,
				FEF83F942383F7C9000B5399 /* sha512.c in Sources */,
				FEF83F802383F7C9000B5399 /* Utils.swift in Sources */,
				FEF83F882383F7C9000B5399 /* KeystoreError.swift in Sources */,
				FEF83F822383F7C9000B5399 /* BaseDataModel.swift in Sources */,
				FEF83F892383F7C9000B5399 /* WalletUtility.swift in Sources */,
				FEF83F912383F7C9000B5399 /* add_scalar.c in Sources */,
				FEF83F7C2383F7C9000B5399 /* AccountUtility.swift in Sources */,
				FEF83F7A2383F7C9000B5399 /* Keycreat.swift in Sources */,
				FEF83F832383F7C9000B5399 /* Crypto.swift in Sources */,
				FEF83F932383F7C9000B5399 /* keypair.c in Sources */,
				FEF83F7B2383F7C9000B5399 /* TradeUtility.swift in Sources */,
			);
			runOnlyForDeploymentPostprocessing = 0;
		};
/* End PBXSourcesBuildPhase section */

/* Begin PBXVariantGroup section */
		FEF83F3B2383DC3C000B5399 /* Main.storyboard */ = {
			isa = PBXVariantGroup;
			children = (
				FEF83F3C2383DC3C000B5399 /* Base */,
			);
			name = Main.storyboard;
			sourceTree = "<group>";
		};
		FEF83F402383DC3E000B5399 /* LaunchScreen.storyboard */ = {
			isa = PBXVariantGroup;
			children = (
				FEF83F412383DC3E000B5399 /* Base */,
			);
			name = LaunchScreen.storyboard;
			sourceTree = "<group>";
		};
/* End PBXVariantGroup section */

/* Begin XCBuildConfiguration section */
		FEF83F442383DC3E000B5399 /* Debug */ = {
			isa = XCBuildConfiguration;
			buildSettings = {
				ALWAYS_SEARCH_USER_PATHS = NO;
				CLANG_ANALYZER_NONNULL = YES;
				CLANG_ANALYZER_NUMBER_OBJECT_CONVERSION = YES_AGGRESSIVE;
				CLANG_CXX_LANGUAGE_STANDARD = "gnu++14";
				CLANG_CXX_LIBRARY = "libc++";
				CLANG_ENABLE_MODULES = YES;
				CLANG_ENABLE_OBJC_ARC = YES;
				CLANG_ENABLE_OBJC_WEAK = YES;
				CLANG_WARN_BLOCK_CAPTURE_AUTORELEASING = YES;
				CLANG_WARN_BOOL_CONVERSION = YES;
				CLANG_WARN_COMMA = YES;
				CLANG_WARN_CONSTANT_CONVERSION = YES;
				CLANG_WARN_DEPRECATED_OBJC_IMPLEMENTATIONS = YES;
				CLANG_WARN_DIRECT_OBJC_ISA_USAGE = YES_ERROR;
				CLANG_WARN_DOCUMENTATION_COMMENTS = YES;
				CLANG_WARN_EMPTY_BODY = YES;
				CLANG_WARN_ENUM_CONVERSION = YES;
				CLANG_WARN_INFINITE_RECURSION = YES;
				CLANG_WARN_INT_CONVERSION = YES;
				CLANG_WARN_NON_LITERAL_NULL_CONVERSION = YES;
				CLANG_WARN_OBJC_IMPLICIT_RETAIN_SELF = YES;
				CLANG_WARN_OBJC_LITERAL_CONVERSION = YES;
				CLANG_WARN_OBJC_ROOT_CLASS = YES_ERROR;
				CLANG_WARN_RANGE_LOOP_ANALYSIS = YES;
				CLANG_WARN_STRICT_PROTOTYPES = YES;
				CLANG_WARN_SUSPICIOUS_MOVE = YES;
				CLANG_WARN_UNGUARDED_AVAILABILITY = YES_AGGRESSIVE;
				CLANG_WARN_UNREACHABLE_CODE = YES;
				CLANG_WARN__DUPLICATE_METHOD_MATCH = YES;
				CODE_SIGN_IDENTITY = "iPhone Developer";
				COPY_PHASE_STRIP = NO;
				DEBUG_INFORMATION_FORMAT = dwarf;
				ENABLE_STRICT_OBJC_MSGSEND = YES;
				ENABLE_TESTABILITY = YES;
				GCC_C_LANGUAGE_STANDARD = gnu11;
				GCC_DYNAMIC_NO_PIC = NO;
				GCC_NO_COMMON_BLOCKS = YES;
				GCC_OPTIMIZATION_LEVEL = 0;
				GCC_PREPROCESSOR_DEFINITIONS = (
					"DEBUG=1",
					"$(inherited)",
				);
				GCC_WARN_64_TO_32_BIT_CONVERSION = YES;
				GCC_WARN_ABOUT_RETURN_TYPE = YES_ERROR;
				GCC_WARN_UNDECLARED_SELECTOR = YES;
				GCC_WARN_UNINITIALIZED_AUTOS = YES_AGGRESSIVE;
				GCC_WARN_UNUSED_FUNCTION = YES;
				GCC_WARN_UNUSED_VARIABLE = YES;
				IPHONEOS_DEPLOYMENT_TARGET = 12.4;
				MTL_ENABLE_DEBUG_INFO = INCLUDE_SOURCE;
				MTL_FAST_MATH = YES;
				ONLY_ACTIVE_ARCH = YES;
				SDKROOT = iphoneos;
				SWIFT_ACTIVE_COMPILATION_CONDITIONS = DEBUG;
				SWIFT_OPTIMIZATION_LEVEL = "-Onone";
			};
			name = Debug;
		};
		FEF83F452383DC3E000B5399 /* Release */ = {
			isa = XCBuildConfiguration;
			buildSettings = {
				ALWAYS_SEARCH_USER_PATHS = NO;
				CLANG_ANALYZER_NONNULL = YES;
				CLANG_ANALYZER_NUMBER_OBJECT_CONVERSION = YES_AGGRESSIVE;
				CLANG_CXX_LANGUAGE_STANDARD = "gnu++14";
				CLANG_CXX_LIBRARY = "libc++";
				CLANG_ENABLE_MODULES = YES;
				CLANG_ENABLE_OBJC_ARC = YES;
				CLANG_ENABLE_OBJC_WEAK = YES;
				CLANG_WARN_BLOCK_CAPTURE_AUTORELEASING = YES;
				CLANG_WARN_BOOL_CONVERSION = YES;
				CLANG_WARN_COMMA = YES;
				CLANG_WARN_CONSTANT_CONVERSION = YES;
				CLANG_WARN_DEPRECATED_OBJC_IMPLEMENTATIONS = YES;
				CLANG_WARN_DIRECT_OBJC_ISA_USAGE = YES_ERROR;
				CLANG_WARN_DOCUMENTATION_COMMENTS = YES;
				CLANG_WARN_EMPTY_BODY = YES;
				CLANG_WARN_ENUM_CONVERSION = YES;
				CLANG_WARN_INFINITE_RECURSION = YES;
				CLANG_WARN_INT_CONVERSION = YES;
				CLANG_WARN_NON_LITERAL_NULL_CONVERSION = YES;
				CLANG_WARN_OBJC_IMPLICIT_RETAIN_SELF = YES;
				CLANG_WARN_OBJC_LITERAL_CONVERSION = YES;
				CLANG_WARN_OBJC_ROOT_CLASS = YES_ERROR;
				CLANG_WARN_RANGE_LOOP_ANALYSIS = YES;
				CLANG_WARN_STRICT_PROTOTYPES = YES;
				CLANG_WARN_SUSPICIOUS_MOVE = YES;
				CLANG_WARN_UNGUARDED_AVAILABILITY = YES_AGGRESSIVE;
				CLANG_WARN_UNREACHABLE_CODE = YES;
				CLANG_WARN__DUPLICATE_METHOD_MATCH = YES;
				CODE_SIGN_IDENTITY = "iPhone Developer";
				COPY_PHASE_STRIP = NO;
				DEBUG_INFORMATION_FORMAT = "dwarf-with-dsym";
				ENABLE_NS_ASSERTIONS = NO;
				ENABLE_STRICT_OBJC_MSGSEND = YES;
				GCC_C_LANGUAGE_STANDARD = gnu11;
				GCC_NO_COMMON_BLOCKS = YES;
				GCC_WARN_64_TO_32_BIT_CONVERSION = YES;
				GCC_WARN_ABOUT_RETURN_TYPE = YES_ERROR;
				GCC_WARN_UNDECLARED_SELECTOR = YES;
				GCC_WARN_UNINITIALIZED_AUTOS = YES_AGGRESSIVE;
				GCC_WARN_UNUSED_FUNCTION = YES;
				GCC_WARN_UNUSED_VARIABLE = YES;
				IPHONEOS_DEPLOYMENT_TARGET = 12.4;
				MTL_ENABLE_DEBUG_INFO = NO;
				MTL_FAST_MATH = YES;
				SDKROOT = iphoneos;
				SWIFT_COMPILATION_MODE = wholemodule;
				SWIFT_OPTIMIZATION_LEVEL = "-O";
				VALIDATE_PRODUCT = YES;
			};
			name = Release;
		};
		FEF83F472383DC3E000B5399 /* Debug */ = {
			isa = XCBuildConfiguration;
			baseConfigurationReference = DEC630A7EF46E9314B576353 /* Pods-iosSdk.debug.xcconfig */;
			buildSettings = {
				ASSETCATALOG_COMPILER_APPICON_NAME = AppIcon;
				CODE_SIGN_STYLE = Automatic;
				DEVELOPMENT_TEAM = 2R2P2JZ6V3;
				INFOPLIST_FILE = iosSdk/Info.plist;
				LD_RUNPATH_SEARCH_PATHS = (
					"$(inherited)",
					"@executable_path/Frameworks",
				);
				PRODUCT_BUNDLE_IDENTIFIER = com.wisdom.walletsdk.iosSdk;
				PRODUCT_NAME = "$(TARGET_NAME)";
				SWIFT_VERSION = 5.0;
				TARGETED_DEVICE_FAMILY = "1,2";
			};
			name = Debug;
		};
		FEF83F482383DC3E000B5399 /* Release */ = {
			isa = XCBuildConfiguration;
			baseConfigurationReference = F4382242264E0A636BCBFE54 /* Pods-iosSdk.release.xcconfig */;
			buildSettings = {
				ASSETCATALOG_COMPILER_APPICON_NAME = AppIcon;
				CODE_SIGN_STYLE = Automatic;
				DEVELOPMENT_TEAM = 2R2P2JZ6V3;
				INFOPLIST_FILE = iosSdk/Info.plist;
				LD_RUNPATH_SEARCH_PATHS = (
					"$(inherited)",
					"@executable_path/Frameworks",
				);
				PRODUCT_BUNDLE_IDENTIFIER = com.wisdom.walletsdk.iosSdk;
				PRODUCT_NAME = "$(TARGET_NAME)";
				SWIFT_VERSION = 5.0;
				TARGETED_DEVICE_FAMILY = "1,2";
			};
			name = Release;
		};
/* End XCBuildConfiguration section */

/* Begin XCConfigurationList section */
		FEF83F2F2383DC3C000B5399 /* Build configuration list for PBXProject "iosSdk" */ = {
			isa = XCConfigurationList;
			buildConfigurations = (
				FEF83F442383DC3E000B5399 /* Debug */,
				FEF83F452383DC3E000B5399 /* Release */,
			);
			defaultConfigurationIsVisible = 0;
			defaultConfigurationName = Release;
		};
		FEF83F462383DC3E000B5399 /* Build configuration list for PBXNativeTarget "iosSdk" */ = {
			isa = XCConfigurationList;
			buildConfigurations = (
				FEF83F472383DC3E000B5399 /* Debug */,
				FEF83F482383DC3E000B5399 /* Release */,
			);
			defaultConfigurationIsVisible = 0;
			defaultConfigurationName = Release;
		};
/* End XCConfigurationList section */
	};
	rootObject = FEF83F2C2383DC3C000B5399 /* Project object */;
}
