PODS:
  - CatCrypto (0.3.2)
  - CryptoSwift (1.1.2)
  - Ed25519 (1.1.0):
    - libCEd25519 (~> 1.1.0)
  - HandyJSON (5.0.1)
  - libCEd25519 (1.1.0)
  - ObjectMapper (3.5.1)
  - SwiftProtobuf (1.5.0)
  - SwiftyJSON (4.3.0)
  - TrustWalletCore (0.12.23):
    - SwiftProtobuf (~> 1.5.0)

DEPENDENCIES:
  - CatCrypto
  - CryptoSwift
  - Ed25519 (~> 1.1.0)
  - HandyJSON
  - ObjectMapper (~> 3.4)
  - SwiftyJSON (~> 4.0)
  - TrustWalletCore

SPEC REPOS:
  trunk:
    - CatCrypto
    - CryptoSwift
    - Ed25519
    - HandyJSON
    - libCEd25519
    - ObjectMapper
    - SwiftProtobuf
    - SwiftyJSON
    - TrustWalletCore

SPEC CHECKSUMS:
  CatCrypto: a477899b6be4954e75be4897e732da098cc0a5a8
  CryptoSwift: 31dacd1f13427439ddae5b5cbaae4c8dbc43047e
  Ed25519: d84c847d8ffbb2f6fec71479abbb8fa3dfe12578
  HandyJSON: d45b8415c501e3affc59ca9762c1197ff0feb646
  libCEd25519: 45de00a0944cb2d51e64fcef67bd9989c42d20ca
  ObjectMapper: 70187b8941977c62ccfb423caf6b50be405cabf0
  SwiftProtobuf: 241400280f912735c1e1b9fe675fdd2c6c4d42e2
  SwiftyJSON: 6faa0040f8b59dead0ee07436cbf76b73c08fd08
  TrustWalletCore: 377e89e433c463e9f97e2c7df93029cd745a03f7

PODFILE CHECKSUM: fca23fba8e94b5e9a856659440037ff3683e899a

COCOAPODS: 1.8.3
